{
  "name": "last-host-root",
  "lockfileVersion": 3,
  "requires": true,
  "packages": {
    "": {
      "name": "last-host-root",
      "workspaces": [
        "packages/shared",
        "packages/server"
      ]
    },
    "node_modules/@incremental-code/last-host-server": {
      "resolved": "packages/server",
      "link": true
    },
    "node_modules/@incremental-code/last-host-shared": {
      "resolved": "packages/shared",
      "link": true
    },
    "packages/server": {
      "name": "@incremental-code/last-host-server",
      "version": "0.0.0",
      "dependencies": {
        "@incremental-code/last-host-shared": "file:../shared"
      },
      "bin": {
        "last-host-server": "bin/last-host-server.js"
      }
    },
    "packages/shared": {
      "name": "@incremental-code/last-host-shared",
      "version": "0.0.0"
    }
  }
}
